# This file is autogenerated, do not edit; changes may be undone by the next 'dep ensure'.


[[projects]]
  name = "github.com/alecthomas/template"
  packages = [
    ".",
    "parse"
  ]
  revision = "b867cc6ab45cece8143cfcc6fc9c77cf3f2c23c0"

[[projects]]
  name = "github.com/alecthomas/units"
  packages = ["."]
  revision = "6b4e7dc5e3143b85ea77909c72caf89416fc2915"

[[projects]]
  name = "github.com/cloudfoundry-incubator/uaago"
  packages = ["."]
  revision = "1627a524bb8637bae9bbb61c42593db3e436d08f"

[[projects]]
  name = "github.com/cloudfoundry/noaa"
  packages = [
    ".",
    "errors",
    "events"
  ]
  revision = "4f20c9fdf29bf4790685685c2701d6b00f30b99c"

[[projects]]
  name = "github.com/gogo/protobuf"
  packages = ["proto"]
  revision = "04145330265d088c218da8916c50eab3814c76a0"

[[projects]]
  name = "github.com/gorilla/websocket"
  packages = ["."]
  revision = "9007e29a7c93fc3dcebbdbf742ce0efaf19e6510"

[[projects]]
  name = "github.com/onsi/ginkgo"
  packages = [
    ".",
    "config",
    "internal/codelocation",
    "internal/containernode",
    "internal/failer",
    "internal/leafnodes",
    "internal/remote",
    "internal/spec",
    "internal/spec_iterator",
    "internal/specrunner",
    "internal/suite",
    "internal/testingtproxy",
    "internal/writer",
    "reporters",
    "reporters/stenographer",
    "reporters/stenographer/support/go-colorable",
    "reporters/stenographer/support/go-isatty",
    "types"
  ]
  revision = "9eda700730cba42af70d53180f9dcce9266bc2bc"
  version = "v1.4.0"

[[projects]]
  name = "github.com/onsi/gomega"
  packages = [
    ".",
    "format",
    "internal/assertion",
    "internal/asyncassertion",
    "internal/oraclematcher",
    "internal/testingtsupport",
    "matchers",
    "matchers/support/goraph/bipartitegraph",
    "matchers/support/goraph/edge",
    "matchers/support/goraph/node",
    "matchers/support/goraph/util",
    "types"
  ]
  revision = "003f63b7f4cff3fc95357005358af2de0f5fe152"
  version = "v1.3.0"

[[projects]]
  branch = "master"
  name = "github.com/pivotal-cf/graphite-nozzle"
  packages = [
    "metrics",
    "processors",
    "token"
  ]
  revision = "170aafd797d9fbfaa707295b39465d1b744a5050"

[[projects]]
  name = "github.com/quipo/statsd"
  packages = [
    ".",
    "event"
  ]
  revision = "39c3fe59a6c334d5aefddf41f3c16595301c80e1"

[[projects]]
  branch = "master"
  name = "golang.org/x/net"
  packages = [
    "html",
    "html/atom",
    "html/charset"
  ]
  revision = "5f9ae10d9af5b1c89ae6904293b14b064d4ada23"

[[projects]]
  branch = "master"
  name = "golang.org/x/sys"
  packages = ["unix"]
  revision = "78d5f264b493f125018180c204871ecf58a2dce1"

[[projects]]
  name = "golang.org/x/text"
  packages = [
    "encoding",
    "encoding/charmap",
    "encoding/htmlindex",
    "encoding/internal",
    "encoding/internal/identifier",
    "encoding/japanese",
    "encoding/korean",
    "encoding/simplifiedchinese",
    "encoding/traditionalchinese",
    "encoding/unicode",
    "internal/gen",
    "internal/tag",
    "internal/utf8internal",
    "language",
    "runes",
    "transform",
    "unicode/cldr"
  ]
  revision = "f21a4dfb5e38f5895301dc265a8def02365cc3d0"
  version = "v0.3.0"

[[projects]]
  name = "gopkg.in/alecthomas/kingpin.v2"
  packages = ["."]
  revision = "a7274600e78d26876a32d8b293cbb0cd324f61a2"
  version = "v2.0.8"

[[projects]]
  name = "gopkg.in/yaml.v2"
  packages = ["."]
  revision = "5420a8b6744d3b0345ab293f6fcba19c978f1183"
  version = "v2.2.1"

[solve-meta]
  analyzer-name = "dep"
  analyzer-version = 1
  inputs-digest = "165733a59147c3b28515772f0fe0cc848a1db0d02836bbf25769b97410e5a990"
  solver-name = "gps-cdcl"
  solver-version = 1
